{
  "name": "test_webgpu",
  "version": "1.0.0",
  "lockfileVersion": 3,
  "requires": true,
  "packages": {
    "": {
      "name": "test_webgpu",
      "version": "1.0.0",
      "license": "MIT",
      "devDependencies": {
        "@webgpu/types": "^0.1.51"
      }
    },
    "node_modules/@webgpu/types": {
      "version": "0.1.51",
      "resolved": "https://registry.npmjs.org/@webgpu/types/-/types-0.1.51.tgz",
      "integrity": "sha512-ktR3u64NPjwIViNCck+z9QeyN0iPkQCUOQ07ZCV1RzlkfP+olLTeEZ95O1QHS+v4w9vJeY9xj/uJuSphsHy5rQ==",
      "dev": true,
      "license": "BSD-3-Clause"
    }
  }
}
